{
  "version": 4,
  "terraform_version": "1.1.6",
  "serial": 1,
  "lineage": "8cf3e0b5-1e0b-bc98-22db-c93ca4e3684f",
  "outputs": {},
  "resources": [
    {
      "mode": "managed",
      "type": "local_file",
      "name": "Index_file",
      "provider": "provider[\"registry.terraform.io/hashicorp/local\"]",
      "instances": [
        {
          "schema_version": 0,
          "attributes": {
            "content": "Hi, How are you?",
            "content_base64": null,
            "content_base64sha256": "mrt5rt1Ja+j16JGTdv7tBFtEXjgh4OEdnrkdoyMCZb4=",
            "content_base64sha512": "BNc22wmKRmXwPR5f704jHR/oFtpTn99vncLvh9qSFVFV3woatGl+zmubQAjhP+VcNGJSROzcRFEmKPyCNkAZRg==",
            "content_md5": "3d4979292cac9a027c559767b5b93104",
            "content_sha1": "413fe74a16df2b8b44512aaaa9a371e6e4bea141",
            "content_sha256": "9abb79aedd496be8f5e8919376feed045b445e3821e0e11d9eb91da3230265be",
            "content_sha512": "04d736db098a4665f03d1e5fef4e231d1fe816da539fdf6f9dc2ef87da92155155df0a1ab4697ece6b9b4008e13fe55c34625244ecdc44512628fc8236401946",
            "directory_permission": "0777",
            "file_permission": "0777",
            "filename": "Index.html",
            "id": "413fe74a16df2b8b44512aaaa9a371e6e4bea141",
            "sensitive_content": null,
            "source": null
          },
          "sensitive_attributes": []
        }
      ]
    }
  ]
}
