{
  "version": 4,
  "terraform_version": "1.1.6",
  "serial": 1,
  "lineage": "22f3190a-e462-e358-d7dc-20be38f85cbd",
  "outputs": {},
  "resources": [
    {
      "mode": "managed",
      "type": "local_file",
      "name": "Index_file",
      "provider": "provider[\"registry.terraform.io/hashicorp/local\"]",
      "instances": [
        {
          "schema_version": 0,
          "attributes": {
            "content": "hi, babay, how are you?",
            "content_base64": null,
            "content_base64sha256": "O/6vWFZgKQ8sESqbZaFR+1wo1miGX6HZ8KZ+PeOp3sA=",
            "content_base64sha512": "2Sa8t1vYYROML4aaybKbzq2RtplP657t3C1/w5ZAJslQpMvLC6ly3XfreOq7KDOJvVShllPnJOu9DZlay2VzSg==",
            "content_md5": "921e06f81d16e054e6d7fe7111b91450",
            "content_sha1": "fc1a5d4e776707819f6a7f6bc51638c2a261afec",
            "content_sha256": "3bfeaf585660290f2c112a9b65a151fb5c28d668865fa1d9f0a67e3de3a9dec0",
            "content_sha512": "d926bcb75bd861138c2f869ac9b29bcead91b6994feb9eeddc2d7fc3964026c950a4cbcb0ba972dd77eb78eabb283389bd54a19653e724ebbd0d995acb65734a",
            "directory_permission": "0777",
            "file_permission": "0777",
            "filename": "Index.html",
            "id": "fc1a5d4e776707819f6a7f6bc51638c2a261afec",
            "sensitive_content": null,
            "source": null
          },
          "sensitive_attributes": []
        }
      ]
    }
  ]
}
