{
  "version": 4,
  "terraform_version": "1.1.6",
  "serial": 1,
  "lineage": "67f252f1-8d85-c28b-cd01-1a2821fe96cc",
  "outputs": {},
  "resources": [
    {
      "mode": "managed",
      "type": "local_file",
      "name": "index_html",
      "provider": "provider[\"registry.terraform.io/hashicorp/local\"]",
      "instances": [
        {
          "schema_version": 0,
          "attributes": {
            "content": "Hi,How are you?foo!",
            "content_base64": null,
            "content_base64sha256": "YQ+pftgEzdBAzx2ezwTER1iX65Zax/NUDDyXVpCn1lw=",
            "content_base64sha512": "us5NCtPz/pP6fdSqlBvB4xyHPlp2nL4tnczvV1nEm4uyyHDXtoRuGXuSpeX1B7rjSsAteCKU2RUq4I1M0w+C9g==",
            "content_md5": "80d452ea6ae0e3d11713d33991d10de6",
            "content_sha1": "98855281f928c1d25a44ba9440d153a6862baf25",
            "content_sha256": "610fa97ed804cdd040cf1d9ecf04c4475897eb965ac7f3540c3c975690a7d65c",
            "content_sha512": "bace4d0ad3f3fe93fa7dd4aa941bc1e31c873e5a769cbe2d9dccef5759c49b8bb2c870d7b6846e197b92a5e5f507bae34ac02d782294d9152ae08d4cd30f82f6",
            "directory_permission": "0777",
            "file_permission": "0777",
            "filename": "index.html",
            "id": "98855281f928c1d25a44ba9440d153a6862baf25",
            "sensitive_content": null,
            "source": null
          },
          "sensitive_attributes": []
        }
      ]
    }
  ]
}
