{
  "version": 4,
  "terraform_version": "1.1.6",
  "serial": 1,
  "lineage": "7f90329a-79ce-8f48-cf5e-274970c2e2f3",
  "outputs": {},
  "resources": [
    {
      "mode": "managed",
      "type": "local_file",
      "name": "Index_html",
      "provider": "provider[\"registry.terraform.io/hashicorp/local\"]",
      "instances": [
        {
          "schema_version": 0,
          "attributes": {
            "content": "Hi, I am Ranjan. How are ypu doing? Reply from Machine that I am foo!",
            "content_base64": null,
            "content_base64sha256": "bQAdfto1CUPY7wOczCRid9SuksHe0UAI5TwsA25Otiw=",
            "content_base64sha512": "N1z0q8dHXLL9wQEbRZuy/GShuNds02xxDS0QL3j/q266yRbeNPghLg0hcwLk1eu3SDvxmIykFe4PmojwlfArwg==",
            "content_md5": "d2e1f3dcc01e24ee34b80b4d4cc7dfb6",
            "content_sha1": "8659b48a5a9f2b704fd2d3e9cdae91277c3e0dab",
            "content_sha256": "6d001d7eda350943d8ef039ccc246277d4ae92c1ded14008e53c2c036e4eb62c",
            "content_sha512": "375cf4abc7475cb2fdc1011b459bb2fc64a1b8d76cd36c710d2d102f78ffab6ebac916de34f8212e0d217302e4d5ebb7483bf1988ca415ee0f9a88f095f02bc2",
            "directory_permission": "0777",
            "file_permission": "0777",
            "filename": "index.html",
            "id": "8659b48a5a9f2b704fd2d3e9cdae91277c3e0dab",
            "sensitive_content": null,
            "source": null
          },
          "sensitive_attributes": []
        }
      ]
    }
  ]
}
