{
  "version": 4,
  "terraform_version": "1.1.6",
  "serial": 1,
  "lineage": "cebe653c-4bd1-8c8a-7f79-b0e432399911",
  "outputs": {},
  "resources": [
    {
      "mode": "managed",
      "type": "local_file",
      "name": "foo",
      "provider": "provider[\"registry.terraform.io/hashicorp/local\"]",
      "instances": [
        {
          "schema_version": 0,
          "attributes": {
            "content": "Hi, How are you? foo!",
            "content_base64": null,
            "content_base64sha256": "QgqL3UXOMUu9bOrlkgZBlFmtNwWa4SLgP3AaapabHpk=",
            "content_base64sha512": "tpRBjtCuzse1JEd5JroqyjkruAVnNgbCrO9ucXRaA6IBZrtBpQJqRb2pkTgzIJTK4+VTKurYS4WCiDl2cD4Rfg==",
            "content_md5": "49c6680b09947d7fe2f2f4dd722ec84f",
            "content_sha1": "7dd347f493015d153446398828343f9772cc7826",
            "content_sha256": "420a8bdd45ce314bbd6ceae59206419459ad37059ae122e03f701a6a969b1e99",
            "content_sha512": "b694418ed0aecec7b524477926ba2aca392bb805673606c2acef6e71745a03a20166bb41a5026a45bda99138332094cae3e5532aead84b8582883976703e117e",
            "directory_permission": "0777",
            "file_permission": "0777",
            "filename": "foo.bar",
            "id": "7dd347f493015d153446398828343f9772cc7826",
            "sensitive_content": null,
            "source": null
          },
          "sensitive_attributes": []
        }
      ]
    }
  ]
}
